{
  "pins" : [
    {
      "identity" : "graph-kit",
      "kind" : "remoteSourceControl",
      "location" : "https://github.com/dnsmalla/graph-kit.git",
      "state" : {
        "revision" : "ef3cefc1c207ff63910f4f3939c81ddb94c47e0b",
        "version" : "1.0.1"
      }
    },
    {
      "identity" : "yams",
      "kind" : "remoteSourceControl",
      "location" : "https://github.com/jpsim/Yams.git",
      "state" : {
        "revision" : "3d6871d5b4a5cd519adf233fbb576e0a2af71c17",
        "version" : "5.4.0"
      }
    }
  ],
  "version" : 2
}
